// !$*UTF8*$!
{
	archiveVersion = 1;
	classes = {
	};
	objectVersion = 56;
	objects = {

/* Begin PBXBuildFile section */
		EB68C0532E38AD9D00B1BF85 /* SkyCipher_diraryApp.swift in Sources */ = {isa = PBXBuildFile; fileRef = EB68C0522E38AD9D00B1BF85 /* SkyCipher_diraryApp.swift */; };
		EB68C0552E38AD9D00B1BF85 /* ContentView.swift in Sources */ = {isa = PBXBuildFile; fileRef = EB68C0542E38AD9D00B1BF85 /* ContentView.swift */; };
		EB68C0572E38ADA000B1BF85 /* Assets.xcassets in Resources */ = {isa = PBXBuildFile; fileRef = EB68C0562E38ADA000B1BF85 /* Assets.xcassets */; };
		EB68C05A2E38ADA000B1BF85 /* Preview Assets.xcassets in Resources */ = {isa = PBXBuildFile; fileRef = EB68C0592E38ADA000B1BF85 /* Preview Assets.xcassets */; };
		EB68C0612E38ADFE00B1BF85 /* setup.swift in Sources */ = {isa = PBXBuildFile; fileRef = EB68C0602E38ADFE00B1BF85 /* setup.swift */; };
		EB68C0632E38AE2900B1BF85 /* unlockflow.swift in Sources */ = {isa = PBXBuildFile; fileRef = EB68C0622E38AE2900B1BF85 /* unlockflow.swift */; };
		EB68C0652E38AE7E00B1BF85 /* diary.swift in Sources */ = {isa = PBXBuildFile; fileRef = EB68C0642E38AE7E00B1BF85 /* diary.swift */; };
		EB68C0672E38AED900B1BF85 /* good.swift in Sources */ = {isa = PBXBuildFile; fileRef = EB68C0662E38AED900B1BF85 /* good.swift */; };
		EB68C0692E39585600B1BF85 /* keychain.swift in Sources */ = {isa = PBXBuildFile; fileRef = EB68C0682E39585600B1BF85 /* keychain.swift */; };
		EB68C06D2E39649300B1BF85 /* topic grouper 2.mlmodel in Sources */ = {isa = PBXBuildFile; fileRef = EB68C06C2E39649300B1BF85 /* topic grouper 2.mlmodel */; };
		EB68C06F2E396B8800B1BF85 /* chatbot.swift in Sources */ = {isa = PBXBuildFile; fileRef = EB68C06E2E396B8800B1BF85 /* chatbot.swift */; };
		EB68C0712E399F7800B1BF85 /* web.swift in Sources */ = {isa = PBXBuildFile; fileRef = EB68C0702E399F7800B1BF85 /* web.swift */; };
		EB68C0732E39B26C00B1BF85 /* image to ai .swift in Sources */ = {isa = PBXBuildFile; fileRef = EB68C0722E39B26C00B1BF85 /* image to ai .swift */; };
		EB68C08F2E3C9B3A00B1BF85 /* extras.swift in Sources */ = {isa = PBXBuildFile; fileRef = EB68C08E2E3C9B3A00B1BF85 /* extras.swift */; };
/* End PBXBuildFile section */

/* Begin PBXFileReference section */
		EB68C04F2E38AD9D00B1BF85 /* SkyCipher dirary.app */ = {isa = PBXFileReference; explicitFileType = wrapper.application; includeInIndex = 0; path = "SkyCipher dirary.app"; sourceTree = BUILT_PRODUCTS_DIR; };
		EB68C0522E38AD9D00B1BF85 /* SkyCipher_diraryApp.swift */ = {isa = PBXFileReference; lastKnownFileType = sourcecode.swift; path = SkyCipher_diraryApp.swift; sourceTree = "<group>"; };
		EB68C0542E38AD9D00B1BF85 /* ContentView.swift */ = {isa = PBXFileReference; lastKnownFileType = sourcecode.swift; path = ContentView.swift; sourceTree = "<group>"; };
		EB68C0562E38ADA000B1BF85 /* Assets.xcassets */ = {isa = PBXFileReference; lastKnownFileType = folder.assetcatalog; path = Assets.xcassets; sourceTree = "<group>"; };
		EB68C0592E38ADA000B1BF85 /* Preview Assets.xcassets */ = {isa = PBXFileReference; lastKnownFileType = folder.assetcatalog; path = "Preview Assets.xcassets"; sourceTree = "<group>"; };
		EB68C0602E38ADFE00B1BF85 /* setup.swift */ = {isa = PBXFileReference; lastKnownFileType = sourcecode.swift; path = setup.swift; sourceTree = "<group>"; };
		EB68C0622E38AE2900B1BF85 /* unlockflow.swift */ = {isa = PBXFileReference; lastKnownFileType = sourcecode.swift; path = unlockflow.swift; sourceTree = "<group>"; };
		EB68C0642E38AE7E00B1BF85 /* diary.swift */ = {isa = PBXFileReference; lastKnownFileType = sourcecode.swift; path = diary.swift; sourceTree = "<group>"; };
		EB68C0662E38AED900B1BF85 /* good.swift */ = {isa = PBXFileReference; lastKnownFileType = sourcecode.swift; path = good.swift; sourceTree = "<group>"; };
		EB68C0682E39585600B1BF85 /* keychain.swift */ = {isa = PBXFileReference; lastKnownFileType = sourcecode.swift; path = keychain.swift; sourceTree = "<group>"; };
		EB68C06C2E39649300B1BF85 /* topic grouper 2.mlmodel */ = {isa = PBXFileReference; lastKnownFileType = file.mlmodel; path = "topic grouper 2.mlmodel"; sourceTree = "<group>"; };
		EB68C06E2E396B8800B1BF85 /* chatbot.swift */ = {isa = PBXFileReference; lastKnownFileType = sourcecode.swift; path = chatbot.swift; sourceTree = "<group>"; };
		EB68C0702E399F7800B1BF85 /* web.swift */ = {isa = PBXFileReference; lastKnownFileType = sourcecode.swift; path = web.swift; sourceTree = "<group>"; };
		EB68C0722E39B26C00B1BF85 /* image to ai .swift */ = {isa = PBXFileReference; lastKnownFileType = sourcecode.swift; path = "image to ai .swift"; sourceTree = "<group>"; };
		EB68C08E2E3C9B3A00B1BF85 /* extras.swift */ = {isa = PBXFileReference; lastKnownFileType = sourcecode.swift; path = extras.swift; sourceTree = "<group>"; };
/* End PBXFileReference section */

/* Begin PBXFrameworksBuildPhase section */
		EB68C04C2E38AD9D00B1BF85 /* Frameworks */ = {
			isa = PBXFrameworksBuildPhase;
			buildActionMask = 2147483647;
			files = (
			);
			runOnlyForDeploymentPostprocessing = 0;
		};
/* End PBXFrameworksBuildPhase section */

/* Begin PBXGroup section */
		EB68C0462E38AD9D00B1BF85 = {
			isa = PBXGroup;
			children = (
				EB68C0512E38AD9D00B1BF85 /* SkyCipher dirary */,
				EB68C0502E38AD9D00B1BF85 /* Products */,
			);
			sourceTree = "<group>";
		};
		EB68C0502E38AD9D00B1BF85 /* Products */ = {
			isa = PBXGroup;
			children = (
				EB68C04F2E38AD9D00B1BF85 /* SkyCipher dirary.app */,
			);
			name = Products;
			sourceTree = "<group>";
		};
		EB68C0512E38AD9D00B1BF85 /* SkyCipher dirary */ = {
			isa = PBXGroup;
			children = (
				EB68C0522E38AD9D00B1BF85 /* SkyCipher_diraryApp.swift */,
				EB68C0542E38AD9D00B1BF85 /* ContentView.swift */,
				EB68C0682E39585600B1BF85 /* keychain.swift */,
				EB68C08E2E3C9B3A00B1BF85 /* extras.swift */,
				EB68C0662E38AED900B1BF85 /* good.swift */,
				EB68C06C2E39649300B1BF85 /* topic grouper 2.mlmodel */,
				EB68C06E2E396B8800B1BF85 /* chatbot.swift */,
				EB68C0602E38ADFE00B1BF85 /* setup.swift */,
				EB68C0722E39B26C00B1BF85 /* image to ai .swift */,
				EB68C0702E399F7800B1BF85 /* web.swift */,
				EB68C0622E38AE2900B1BF85 /* unlockflow.swift */,
				EB68C0642E38AE7E00B1BF85 /* diary.swift */,
				EB68C0562E38ADA000B1BF85 /* Assets.xcassets */,
				EB68C0582E38ADA000B1BF85 /* Preview Content */,
			);
			path = "SkyCipher dirary";
			sourceTree = "<group>";
		};
		EB68C0582E38ADA000B1BF85 /* Preview Content */ = {
			isa = PBXGroup;
			children = (
				EB68C0592E38ADA000B1BF85 /* Preview Assets.xcassets */,
			);
			path = "Preview Content";
			sourceTree = "<group>";
		};
/* End PBXGroup section */

/* Begin PBXNativeTarget section */
		EB68C04E2E38AD9D00B1BF85 /* SkyCipher dirary */ = {
			isa = PBXNativeTarget;
			buildConfigurationList = EB68C05D2E38ADA000B1BF85 /* Build configuration list for PBXNativeTarget "SkyCipher dirary" */;
			buildPhases = (
				EB68C04B2E38AD9D00B1BF85 /* Sources */,
				EB68C04C2E38AD9D00B1BF85 /* Frameworks */,
				EB68C04D2E38AD9D00B1BF85 /* Resources */,
			);
			buildRules = (
			);
			dependencies = (
			);
			name = "SkyCipher dirary";
			productName = "SkyCipher dirary";
			productReference = EB68C04F2E38AD9D00B1BF85 /* SkyCipher dirary.app */;
			productType = "com.apple.product-type.application";
		};
/* End PBXNativeTarget section */

/* Begin PBXProject section */
		EB68C0472E38AD9D00B1BF85 /* Project object */ = {
			isa = PBXProject;
			attributes = {
				BuildIndependentTargetsInParallel = 1;
				LastSwiftUpdateCheck = 1540;
				LastUpgradeCheck = 1540;
				TargetAttributes = {
					EB68C04E2E38AD9D00B1BF85 = {
						CreatedOnToolsVersion = 15.4;
					};
				};
			};
			buildConfigurationList = EB68C04A2E38AD9D00B1BF85 /* Build configuration list for PBXProject "SkyCipher dirary" */;
			compatibilityVersion = "Xcode 14.0";
			developmentRegion = en;
			hasScannedForEncodings = 0;
			knownRegions = (
				en,
				Base,
			);
			mainGroup = EB68C0462E38AD9D00B1BF85;
			productRefGroup = EB68C0502E38AD9D00B1BF85 /* Products */;
			projectDirPath = "";
			projectRoot = "";
			targets = (
				EB68C04E2E38AD9D00B1BF85 /* SkyCipher dirary */,
			);
		};
/* End PBXProject section */

/* Begin PBXResourcesBuildPhase section */
		EB68C04D2E38AD9D00B1BF85 /* Resources */ = {
			isa = PBXResourcesBuildPhase;
			buildActionMask = 2147483647;
			files = (
				EB68C05A2E38ADA000B1BF85 /* Preview Assets.xcassets in Resources */,
				EB68C0572E38ADA000B1BF85 /* Assets.xcassets in Resources */,
			);
			runOnlyForDeploymentPostprocessing = 0;
		};
/* End PBXResourcesBuildPhase section */

/* Begin PBXSourcesBuildPhase section */
		EB68C04B2E38AD9D00B1BF85 /* Sources */ = {
			isa = PBXSourcesBuildPhase;
			buildActionMask = 2147483647;
			files = (
				EB68C0692E39585600B1BF85 /* keychain.swift in Sources */,
				EB68C0732E39B26C00B1BF85 /* image to ai .swift in Sources */,
				EB68C08F2E3C9B3A00B1BF85 /* extras.swift in Sources */,
				EB68C0652E38AE7E00B1BF85 /* diary.swift in Sources */,
				EB68C0552E38AD9D00B1BF85 /* ContentView.swift in Sources */,
				EB68C0672E38AED900B1BF85 /* good.swift in Sources */,
				EB68C06D2E39649300B1BF85 /* topic grouper 2.mlmodel in Sources */,
				EB68C0532E38AD9D00B1BF85 /* SkyCipher_diraryApp.swift in Sources */,
				EB68C0712E399F7800B1BF85 /* web.swift in Sources */,
				EB68C0612E38ADFE00B1BF85 /* setup.swift in Sources */,
				EB68C06F2E396B8800B1BF85 /* chatbot.swift in Sources */,
				EB68C0632E38AE2900B1BF85 /* unlockflow.swift in Sources */,
			);
			runOnlyForDeploymentPostprocessing = 0;
		};
/* End PBXSourcesBuildPhase section */

/* Begin XCBuildConfiguration section */
		EB68C05B2E38ADA000B1BF85 /* Debug */ = {
			isa = XCBuildConfiguration;
			buildSettings = {
				ALWAYS_SEARCH_USER_PATHS = NO;
				ASSETCATALOG_COMPILER_GENERATE_SWIFT_ASSET_SYMBOL_EXTENSIONS = YES;
				CLANG_ANALYZER_NONNULL = YES;
				CLANG_ANALYZER_NUMBER_OBJECT_CONVERSION = YES_AGGRESSIVE;
				CLANG_CXX_LANGUAGE_STANDARD = "gnu++20";
				CLANG_ENABLE_MODULES = YES;
				CLANG_ENABLE_OBJC_ARC = YES;
				CLANG_ENABLE_OBJC_WEAK = YES;
				CLANG_WARN_BLOCK_CAPTURE_AUTORELEASING = YES;
				CLANG_WARN_BOOL_CONVERSION = YES;
				CLANG_WARN_COMMA = YES;
				CLANG_WARN_CONSTANT_CONVERSION = YES;
				CLANG_WARN_DEPRECATED_OBJC_IMPLEMENTATIONS = YES;
				CLANG_WARN_DIRECT_OBJC_ISA_USAGE = YES_ERROR;
				CLANG_WARN_DOCUMENTATION_COMMENTS = YES;
				CLANG_WARN_EMPTY_BODY = YES;
				CLANG_WARN_ENUM_CONVERSION = YES;
				CLANG_WARN_INFINITE_RECURSION = YES;
				CLANG_WARN_INT_CONVERSION = YES;
				CLANG_WARN_NON_LITERAL_NULL_CONVERSION = YES;
				CLANG_WARN_OBJC_IMPLICIT_RETAIN_SELF = YES;
				CLANG_WARN_OBJC_LITERAL_CONVERSION = YES;
				CLANG_WARN_OBJC_ROOT_CLASS = YES_ERROR;
				CLANG_WARN_QUOTED_INCLUDE_IN_FRAMEWORK_HEADER = YES;
				CLANG_WARN_RANGE_LOOP_ANALYSIS = YES;
				CLANG_WARN_STRICT_PROTOTYPES = YES;
				CLANG_WARN_SUSPICIOUS_MOVE = YES;
				CLANG_WARN_UNGUARDED_AVAILABILITY = YES_AGGRESSIVE;
				CLANG_WARN_UNREACHABLE_CODE = YES;
				CLANG_WARN__DUPLICATE_METHOD_MATCH = YES;
				COPY_PHASE_STRIP = NO;
				DEBUG_INFORMATION_FORMAT = dwarf;
				ENABLE_STRICT_OBJC_MSGSEND = YES;
				ENABLE_TESTABILITY = YES;
				ENABLE_USER_SCRIPT_SANDBOXING = YES;
				GCC_C_LANGUAGE_STANDARD = gnu17;
				GCC_DYNAMIC_NO_PIC = NO;
				GCC_NO_COMMON_BLOCKS = YES;
				GCC_OPTIMIZATION_LEVEL = 0;
				GCC_PREPROCESSOR_DEFINITIONS = (
					"DEBUG=1",
					"$(inherited)",
				);
				GCC_WARN_64_TO_32_BIT_CONVERSION = YES;
				GCC_WARN_ABOUT_RETURN_TYPE = YES_ERROR;
				GCC_WARN_UNDECLARED_SELECTOR = YES;
				GCC_WARN_UNINITIALIZED_AUTOS = YES_AGGRESSIVE;
				GCC_WARN_UNUSED_FUNCTION = YES;
				GCC_WARN_UNUSED_VARIABLE = YES;
				IPHONEOS_DEPLOYMENT_TARGET = 17.5;
				LOCALIZATION_PREFERS_STRING_CATALOGS = YES;
				MTL_ENABLE_DEBUG_INFO = INCLUDE_SOURCE;
				MTL_FAST_MATH = YES;
				ONLY_ACTIVE_ARCH = YES;
				SDKROOT = iphoneos;
				SWIFT_ACTIVE_COMPILATION_CONDITIONS = "DEBUG $(inherited)";
				SWIFT_OPTIMIZATION_LEVEL = "-Onone";
			};
			name = Debug;
		};
		EB68C05C2E38ADA000B1BF85 /* Release */ = {
			isa = XCBuildConfiguration;
			buildSettings = {
				ALWAYS_SEARCH_USER_PATHS = NO;
				ASSETCATALOG_COMPILER_GENERATE_SWIFT_ASSET_SYMBOL_EXTENSIONS = YES;
				CLANG_ANALYZER_NONNULL = YES;
				CLANG_ANALYZER_NUMBER_OBJECT_CONVERSION = YES_AGGRESSIVE;
				CLANG_CXX_LANGUAGE_STANDARD = "gnu++20";
				CLANG_ENABLE_MODULES = YES;
				CLANG_ENABLE_OBJC_ARC = YES;
				CLANG_ENABLE_OBJC_WEAK = YES;
				CLANG_WARN_BLOCK_CAPTURE_AUTORELEASING = YES;
				CLANG_WARN_BOOL_CONVERSION = YES;
				CLANG_WARN_COMMA = YES;
				CLANG_WARN_CONSTANT_CONVERSION = YES;
				CLANG_WARN_DEPRECATED_OBJC_IMPLEMENTATIONS = YES;
				CLANG_WARN_DIRECT_OBJC_ISA_USAGE = YES_ERROR;
				CLANG_WARN_DOCUMENTATION_COMMENTS = YES;
				CLANG_WARN_EMPTY_BODY = YES;
				CLANG_WARN_ENUM_CONVERSION = YES;
				CLANG_WARN_INFINITE_RECURSION = YES;
				CLANG_WARN_INT_CONVERSION = YES;
				CLANG_WARN_NON_LITERAL_NULL_CONVERSION = YES;
				CLANG_WARN_OBJC_IMPLICIT_RETAIN_SELF = YES;
				CLANG_WARN_OBJC_LITERAL_CONVERSION = YES;
				CLANG_WARN_OBJC_ROOT_CLASS = YES_ERROR;
				CLANG_WARN_QUOTED_INCLUDE_IN_FRAMEWORK_HEADER = YES;
				CLANG_WARN_RANGE_LOOP_ANALYSIS = YES;
				CLANG_WARN_STRICT_PROTOTYPES = YES;
				CLANG_WARN_SUSPICIOUS_MOVE = YES;
				CLANG_WARN_UNGUARDED_AVAILABILITY = YES_AGGRESSIVE;
				CLANG_WARN_UNREACHABLE_CODE = YES;
				CLANG_WARN__DUPLICATE_METHOD_MATCH = YES;
				COPY_PHASE_STRIP = NO;
				DEBUG_INFORMATION_FORMAT = "dwarf-with-dsym";
				ENABLE_NS_ASSERTIONS = NO;
				ENABLE_STRICT_OBJC_MSGSEND = YES;
				ENABLE_USER_SCRIPT_SANDBOXING = YES;
				GCC_C_LANGUAGE_STANDARD = gnu17;
				GCC_NO_COMMON_BLOCKS = YES;
				GCC_WARN_64_TO_32_BIT_CONVERSION = YES;
				GCC_WARN_ABOUT_RETURN_TYPE = YES_ERROR;
				GCC_WARN_UNDECLARED_SELECTOR = YES;
				GCC_WARN_UNINITIALIZED_AUTOS = YES_AGGRESSIVE;
				GCC_WARN_UNUSED_FUNCTION = YES;
				GCC_WARN_UNUSED_VARIABLE = YES;
				IPHONEOS_DEPLOYMENT_TARGET = 17.5;
				LOCALIZATION_PREFERS_STRING_CATALOGS = YES;
				MTL_ENABLE_DEBUG_INFO = NO;
				MTL_FAST_MATH = YES;
				SDKROOT = iphoneos;
				SWIFT_COMPILATION_MODE = wholemodule;
				VALIDATE_PRODUCT = YES;
			};
			name = Release;
		};
		EB68C05E2E38ADA000B1BF85 /* Debug */ = {
			isa = XCBuildConfiguration;
			buildSettings = {
				ASSETCATALOG_COMPILER_APPICON_NAME = AppIcon;
				ASSETCATALOG_COMPILER_GLOBAL_ACCENT_COLOR_NAME = AccentColor;
				CODE_SIGN_STYLE = Automatic;
				CURRENT_PROJECT_VERSION = 1;
				DEVELOPMENT_ASSET_PATHS = "\"SkyCipher dirary/Preview Content\"";
				DEVELOPMENT_TEAM = 2QPR65543M;
				ENABLE_PREVIEWS = YES;
				GENERATE_INFOPLIST_FILE = YES;
				INFOPLIST_KEY_NSFaceIDUsageDescription = "Unlock your diary securely using Face ID or Touch ID.";
				INFOPLIST_KEY_UIApplicationSceneManifest_Generation = YES;
				INFOPLIST_KEY_UIApplicationSupportsIndirectInputEvents = YES;
				INFOPLIST_KEY_UILaunchScreen_Generation = YES;
				INFOPLIST_KEY_UISupportedInterfaceOrientations_iPad = "UIInterfaceOrientationPortrait UIInterfaceOrientationPortraitUpsideDown UIInterfaceOrientationLandscapeLeft UIInterfaceOrientationLandscapeRight";
				INFOPLIST_KEY_UISupportedInterfaceOrientations_iPhone = "UIInterfaceOrientationPortrait UIInterfaceOrientationLandscapeLeft UIInterfaceOrientationLandscapeRight";
				LD_RUNPATH_SEARCH_PATHS = (
					"$(inherited)",
					"@executable_path/Frameworks",
				);
				MARKETING_VERSION = 1.0;
				PRODUCT_BUNDLE_IDENTIFIER = "hrjrn.SkyCipher-dirary";
				PRODUCT_NAME = "$(TARGET_NAME)";
				SUPPORTED_PLATFORMS = "iphoneos iphonesimulator";
				SUPPORTS_MACCATALYST = NO;
				SUPPORTS_MAC_DESIGNED_FOR_IPHONE_IPAD = NO;
				SUPPORTS_XR_DESIGNED_FOR_IPHONE_IPAD = NO;
				SWIFT_EMIT_LOC_STRINGS = YES;
				SWIFT_VERSION = 5.0;
				TARGETED_DEVICE_FAMILY = 1;
			};
			name = Debug;
		};
		EB68C05F2E38ADA000B1BF85 /* Release */ = {
			isa = XCBuildConfiguration;
			buildSettings = {
				ASSETCATALOG_COMPILER_APPICON_NAME = AppIcon;
				ASSETCATALOG_COMPILER_GLOBAL_ACCENT_COLOR_NAME = AccentColor;
				CODE_SIGN_STYLE = Automatic;
				CURRENT_PROJECT_VERSION = 1;
				DEVELOPMENT_ASSET_PATHS = "\"SkyCipher dirary/Preview Content\"";
				DEVELOPMENT_TEAM = 2QPR65543M;
				ENABLE_PREVIEWS = YES;
				GENERATE_INFOPLIST_FILE = YES;
				INFOPLIST_KEY_NSFaceIDUsageDescription = "Unlock your diary securely using Face ID or Touch ID.";
				INFOPLIST_KEY_UIApplicationSceneManifest_Generation = YES;
				INFOPLIST_KEY_UIApplicationSupportsIndirectInputEvents = YES;
				INFOPLIST_KEY_UILaunchScreen_Generation = YES;
				INFOPLIST_KEY_UISupportedInterfaceOrientations_iPad = "UIInterfaceOrientationPortrait UIInterfaceOrientationPortraitUpsideDown UIInterfaceOrientationLandscapeLeft UIInterfaceOrientationLandscapeRight";
				INFOPLIST_KEY_UISupportedInterfaceOrientations_iPhone = "UIInterfaceOrientationPortrait UIInterfaceOrientationLandscapeLeft UIInterfaceOrientationLandscapeRight";
				LD_RUNPATH_SEARCH_PATHS = (
					"$(inherited)",
					"@executable_path/Frameworks",
				);
				MARKETING_VERSION = 1.0;
				PRODUCT_BUNDLE_IDENTIFIER = "hrjrn.SkyCipher-dirary";
				PRODUCT_NAME = "$(TARGET_NAME)";
				SUPPORTED_PLATFORMS = "iphoneos iphonesimulator";
				SUPPORTS_MACCATALYST = NO;
				SUPPORTS_MAC_DESIGNED_FOR_IPHONE_IPAD = NO;
				SUPPORTS_XR_DESIGNED_FOR_IPHONE_IPAD = NO;
				SWIFT_EMIT_LOC_STRINGS = YES;
				SWIFT_VERSION = 5.0;
				TARGETED_DEVICE_FAMILY = 1;
			};
			name = Release;
		};
/* End XCBuildConfiguration section */

/* Begin XCConfigurationList section */
		EB68C04A2E38AD9D00B1BF85 /* Build configuration list for PBXProject "SkyCipher dirary" */ = {
			isa = XCConfigurationList;
			buildConfigurations = (
				EB68C05B2E38ADA000B1BF85 /* Debug */,
				EB68C05C2E38ADA000B1BF85 /* Release */,
			);
			defaultConfigurationIsVisible = 0;
			defaultConfigurationName = Release;
		};
		EB68C05D2E38ADA000B1BF85 /* Build configuration list for PBXNativeTarget "SkyCipher dirary" */ = {
			isa = XCConfigurationList;
			buildConfigurations = (
				EB68C05E2E38ADA000B1BF85 /* Debug */,
				EB68C05F2E38ADA000B1BF85 /* Release */,
			);
			defaultConfigurationIsVisible = 0;
			defaultConfigurationName = Release;
		};
/* End XCConfigurationList section */
	};
	rootObject = EB68C0472E38AD9D00B1BF85 /* Project object */;
}
